
Microsoft Visual Studio Solution File, Format Version 12.00
Project("{FAE04EC0-301F-11D3-BF4B-00C04F79EFBC}") = "cAEAD", "cAEAD\cAEAD.csproj", "{96FEE1C1-9274-465B-80DD-A59144DECD09}"
EndProject
Project("{FAE04EC0-301F-11D3-BF4B-00C04F79EFBC}") = "cAEADTests", "cAEADTests\cAEADTests.csproj", "{22554FD4-3FA0-41D3-B366-970005A3C9A1}"
EndProject
Project("{FAE04EC0-301F-11D3-BF4B-00C04F79EFBC}") = "cAEADBenchmark", "cAEADBenchmark\cAEADBenchmark.csproj", "{19713B89-3410-4BDC-ADAC-435A6A2E0B2F}"
EndProject
Global
	GlobalSection(SolutionConfigurationPlatforms) = preSolution
		Debug|Any CPU = Debug|Any CPU
		Release|Any CPU = Release|Any CPU
	EndGlobalSection
	GlobalSection(ProjectConfigurationPlatforms) = postSolution
		{96FEE1C1-9274-465B-80DD-A59144DECD09}.Debug|Any CPU.ActiveCfg = Debug|Any CPU
		{96FEE1C1-9274-465B-80DD-A59144DECD09}.Debug|Any CPU.Build.0 = Debug|Any CPU
		{96FEE1C1-9274-465B-80DD-A59144DECD09}.Release|Any CPU.ActiveCfg = Release|Any CPU
		{96FEE1C1-9274-465B-80DD-A59144DECD09}.Release|Any CPU.Build.0 = Release|Any CPU
		{22554FD4-3FA0-41D3-B366-970005A3C9A1}.Debug|Any CPU.ActiveCfg = Debug|Any CPU
		{22554FD4-3FA0-41D3-B366-970005A3C9A1}.Debug|Any CPU.Build.0 = Debug|Any CPU
		{22554FD4-3FA0-41D3-B366-970005A3C9A1}.Release|Any CPU.ActiveCfg = Release|Any CPU
		{22554FD4-3FA0-41D3-B366-970005A3C9A1}.Release|Any CPU.Build.0 = Release|Any CPU
		{19713B89-3410-4BDC-ADAC-435A6A2E0B2F}.Debug|Any CPU.ActiveCfg = Debug|Any CPU
		{19713B89-3410-4BDC-ADAC-435A6A2E0B2F}.Debug|Any CPU.Build.0 = Debug|Any CPU
		{19713B89-3410-4BDC-ADAC-435A6A2E0B2F}.Release|Any CPU.ActiveCfg = Release|Any CPU
		{19713B89-3410-4BDC-ADAC-435A6A2E0B2F}.Release|Any CPU.Build.0 = Release|Any CPU
	EndGlobalSection
EndGlobal
